// !$*UTF8*$!
{
	archiveVersion = 1;
	classes = {
	};
	objectVersion = 56;
	objects = {

/* Begin PBXBuildFile section */
		AA3FF3DC2A4FCDA800127318 /* KnifePenguinView.swift in Sources */ = {isa = PBXBuildFile; fileRef = AA3FF3DB2A4FCDA800127318 /* KnifePenguinView.swift */; };
		AA3FF3DE2A4FCDBE00127318 /* PunchPenguinView.swift in Sources */ = {isa = PBXBuildFile; fileRef = AA3FF3DD2A4FCDBE00127318 /* PunchPenguinView.swift */; };
		AA3FF3E02A4FCDDE00127318 /* PenKnifePenguinView.swift in Sources */ = {isa = PBXBuildFile; fileRef = AA3FF3DF2A4FCDDE00127318 /* PenKnifePenguinView.swift */; };
		AA804E5E2A5187D0000EBF4A /* hehe.mp3 in Resources */ = {isa = PBXBuildFile; fileRef = AA804E5D2A5187D0000EBF4A /* hehe.mp3 */; };
		AA804E602A51896C000EBF4A /* Jumpscare.mp3 in Resources */ = {isa = PBXBuildFile; fileRef = AA804E5F2A51896C000EBF4A /* Jumpscare.mp3 */; };
		D914A37C2A46A137001DD8AF /* The_useless_appApp.swift in Sources */ = {isa = PBXBuildFile; fileRef = D914A37B2A46A137001DD8AF /* The_useless_appApp.swift */; };
		D914A37E2A46A137001DD8AF /* ContentView.swift in Sources */ = {isa = PBXBuildFile; fileRef = D914A37D2A46A137001DD8AF /* ContentView.swift */; };
		D914A3802A46A138001DD8AF /* Assets.xcassets in Resources */ = {isa = PBXBuildFile; fileRef = D914A37F2A46A138001DD8AF /* Assets.xcassets */; };
		D914A3832A46A138001DD8AF /* Preview Assets.xcassets in Resources */ = {isa = PBXBuildFile; fileRef = D914A3822A46A138001DD8AF /* Preview Assets.xcassets */; };
		F2B6BC7F2A4FC69100508F3E /* PenguinView.swift in Sources */ = {isa = PBXBuildFile; fileRef = F2B6BC7E2A4FC69100508F3E /* PenguinView.swift */; };
		F2B6BC872A4FD18700508F3E /* ShurikenPenguinView.swift in Sources */ = {isa = PBXBuildFile; fileRef = F2B6BC862A4FD18700508F3E /* ShurikenPenguinView.swift */; };
		F2B6BC892A4FD20100508F3E /* NukePenguinView.swift in Sources */ = {isa = PBXBuildFile; fileRef = F2B6BC882A4FD20100508F3E /* NukePenguinView.swift */; };
		F2B6BC8B2A4FD21B00508F3E /* PanPenguinView.swift in Sources */ = {isa = PBXBuildFile; fileRef = F2B6BC8A2A4FD21B00508F3E /* PanPenguinView.swift */; };
/* End PBXBuildFile section */

/* Begin PBXFileReference section */
		AA3FF3DB2A4FCDA800127318 /* KnifePenguinView.swift */ = {isa = PBXFileReference; lastKnownFileType = sourcecode.swift; path = KnifePenguinView.swift; sourceTree = "<group>"; };
		AA3FF3DD2A4FCDBE00127318 /* PunchPenguinView.swift */ = {isa = PBXFileReference; lastKnownFileType = sourcecode.swift; path = PunchPenguinView.swift; sourceTree = "<group>"; };
		AA3FF3DF2A4FCDDE00127318 /* PenKnifePenguinView.swift */ = {isa = PBXFileReference; lastKnownFileType = sourcecode.swift; path = PenKnifePenguinView.swift; sourceTree = "<group>"; };
		AA804E5D2A5187D0000EBF4A /* hehe.mp3 */ = {isa = PBXFileReference; lastKnownFileType = audio.mp3; name = hehe.mp3; path = ../../../../Downloads/hehe.mp3; sourceTree = "<group>"; };
		AA804E5F2A51896C000EBF4A /* Jumpscare.mp3 */ = {isa = PBXFileReference; lastKnownFileType = audio.mp3; name = Jumpscare.mp3; path = ../../../../Downloads/Jumpscare.mp3; sourceTree = "<group>"; };
		D914A3782A46A137001DD8AF /* The useless app.app */ = {isa = PBXFileReference; explicitFileType = wrapper.application; includeInIndex = 0; path = "The useless app.app"; sourceTree = BUILT_PRODUCTS_DIR; };
		D914A37B2A46A137001DD8AF /* The_useless_appApp.swift */ = {isa = PBXFileReference; lastKnownFileType = sourcecode.swift; path = The_useless_appApp.swift; sourceTree = "<group>"; };
		D914A37D2A46A137001DD8AF /* ContentView.swift */ = {isa = PBXFileReference; lastKnownFileType = sourcecode.swift; path = ContentView.swift; sourceTree = "<group>"; };
		D914A37F2A46A138001DD8AF /* Assets.xcassets */ = {isa = PBXFileReference; lastKnownFileType = folder.assetcatalog; path = Assets.xcassets; sourceTree = "<group>"; };
		D914A3822A46A138001DD8AF /* Preview Assets.xcassets */ = {isa = PBXFileReference; lastKnownFileType = folder.assetcatalog; path = "Preview Assets.xcassets"; sourceTree = "<group>"; };
		F2B6BC7E2A4FC69100508F3E /* PenguinView.swift */ = {isa = PBXFileReference; lastKnownFileType = sourcecode.swift; path = PenguinView.swift; sourceTree = "<group>"; };
		F2B6BC862A4FD18700508F3E /* ShurikenPenguinView.swift */ = {isa = PBXFileReference; lastKnownFileType = sourcecode.swift; path = ShurikenPenguinView.swift; sourceTree = "<group>"; };
		F2B6BC882A4FD20100508F3E /* NukePenguinView.swift */ = {isa = PBXFileReference; lastKnownFileType = sourcecode.swift; path = NukePenguinView.swift; sourceTree = "<group>"; };
		F2B6BC8A2A4FD21B00508F3E /* PanPenguinView.swift */ = {isa = PBXFileReference; lastKnownFileType = sourcecode.swift; path = PanPenguinView.swift; sourceTree = "<group>"; };
/* End PBXFileReference section */

/* Begin PBXFrameworksBuildPhase section */
		D914A3752A46A136001DD8AF /* Frameworks */ = {
			isa = PBXFrameworksBuildPhase;
			buildActionMask = 2147483647;
			files = (
			);
			runOnlyForDeploymentPostprocessing = 0;
		};
/* End PBXFrameworksBuildPhase section */

/* Begin PBXGroup section */
		D914A36F2A46A136001DD8AF = {
			isa = PBXGroup;
			children = (
				D914A37A2A46A137001DD8AF /* The useless app */,
				D914A3792A46A137001DD8AF /* Products */,
			);
			sourceTree = "<group>";
		};
		D914A3792A46A137001DD8AF /* Products */ = {
			isa = PBXGroup;
			children = (
				D914A3782A46A137001DD8AF /* The useless app.app */,
			);
			name = Products;
			sourceTree = "<group>";
		};
		D914A37A2A46A137001DD8AF /* The useless app */ = {
			isa = PBXGroup;
			children = (
				D914A37B2A46A137001DD8AF /* The_useless_appApp.swift */,
				D914A37D2A46A137001DD8AF /* ContentView.swift */,
				F2B6BC7E2A4FC69100508F3E /* PenguinView.swift */,
				F2B6BC882A4FD20100508F3E /* NukePenguinView.swift */,
				F2B6BC8A2A4FD21B00508F3E /* PanPenguinView.swift */,
				AA3FF3DB2A4FCDA800127318 /* KnifePenguinView.swift */,
				AA3FF3DD2A4FCDBE00127318 /* PunchPenguinView.swift */,
				AA3FF3DF2A4FCDDE00127318 /* PenKnifePenguinView.swift */,
				F2B6BC862A4FD18700508F3E /* ShurikenPenguinView.swift */,
				D914A37F2A46A138001DD8AF /* Assets.xcassets */,
				D914A3812A46A138001DD8AF /* Preview Content */,
			);
			path = "The useless app";
			sourceTree = "<group>";
		};
		D914A3812A46A138001DD8AF /* Preview Content */ = {
			isa = PBXGroup;
			children = (
				D914A3822A46A138001DD8AF /* Preview Assets.xcassets */,
				AA804E5D2A5187D0000EBF4A /* hehe.mp3 */,
				AA804E5F2A51896C000EBF4A /* Jumpscare.mp3 */,
			);
			path = "Preview Content";
			sourceTree = "<group>";
		};
/* End PBXGroup section */

/* Begin PBXNativeTarget section */
		D914A3772A46A136001DD8AF /* The useless app */ = {
			isa = PBXNativeTarget;
			buildConfigurationList = D914A3862A46A138001DD8AF /* Build configuration list for PBXNativeTarget "The useless app" */;
			buildPhases = (
				D914A3742A46A136001DD8AF /* Sources */,
				D914A3752A46A136001DD8AF /* Frameworks */,
				D914A3762A46A136001DD8AF /* Resources */,
			);
			buildRules = (
			);
			dependencies = (
			);
			name = "The useless app";
			productName = "The useless app";
			productReference = D914A3782A46A137001DD8AF /* The useless app.app */;
			productType = "com.apple.product-type.application";
		};
/* End PBXNativeTarget section */

/* Begin PBXProject section */
		D914A3702A46A136001DD8AF /* Project object */ = {
			isa = PBXProject;
			attributes = {
				BuildIndependentTargetsInParallel = 1;
				LastSwiftUpdateCheck = 1420;
				LastUpgradeCheck = 1420;
				TargetAttributes = {
					D914A3772A46A136001DD8AF = {
						CreatedOnToolsVersion = 14.2;
					};
				};
			};
			buildConfigurationList = D914A3732A46A136001DD8AF /* Build configuration list for PBXProject "The useless app" */;
			compatibilityVersion = "Xcode 14.0";
			developmentRegion = en;
			hasScannedForEncodings = 0;
			knownRegions = (
				en,
				Base,
			);
			mainGroup = D914A36F2A46A136001DD8AF;
			productRefGroup = D914A3792A46A137001DD8AF /* Products */;
			projectDirPath = "";
			projectRoot = "";
			targets = (
				D914A3772A46A136001DD8AF /* The useless app */,
			);
		};
/* End PBXProject section */

/* Begin PBXResourcesBuildPhase section */
		D914A3762A46A136001DD8AF /* Resources */ = {
			isa = PBXResourcesBuildPhase;
			buildActionMask = 2147483647;
			files = (
				D914A3832A46A138001DD8AF /* Preview Assets.xcassets in Resources */,
				AA804E602A51896C000EBF4A /* Jumpscare.mp3 in Resources */,
				D914A3802A46A138001DD8AF /* Assets.xcassets in Resources */,
				AA804E5E2A5187D0000EBF4A /* hehe.mp3 in Resources */,
			);
			runOnlyForDeploymentPostprocessing = 0;
		};
/* End PBXResourcesBuildPhase section */

/* Begin PBXSourcesBuildPhase section */
		D914A3742A46A136001DD8AF /* Sources */ = {
			isa = PBXSourcesBuildPhase;
			buildActionMask = 2147483647;
			files = (
				D914A37E2A46A137001DD8AF /* ContentView.swift in Sources */,
				F2B6BC8B2A4FD21B00508F3E /* PanPenguinView.swift in Sources */,
				D914A37C2A46A137001DD8AF /* The_useless_appApp.swift in Sources */,
				AA3FF3E02A4FCDDE00127318 /* PenKnifePenguinView.swift in Sources */,
				F2B6BC872A4FD18700508F3E /* ShurikenPenguinView.swift in Sources */,
				F2B6BC892A4FD20100508F3E /* NukePenguinView.swift in Sources */,
				AA3FF3DE2A4FCDBE00127318 /* PunchPenguinView.swift in Sources */,
				F2B6BC7F2A4FC69100508F3E /* PenguinView.swift in Sources */,
				AA3FF3DC2A4FCDA800127318 /* KnifePenguinView.swift in Sources */,
			);
			runOnlyForDeploymentPostprocessing = 0;
		};
/* End PBXSourcesBuildPhase section */

/* Begin XCBuildConfiguration section */
		D914A3842A46A138001DD8AF /* Debug */ = {
			isa = XCBuildConfiguration;
			buildSettings = {
				ALWAYS_SEARCH_USER_PATHS = NO;
				CLANG_ANALYZER_NONNULL = YES;
				CLANG_ANALYZER_NUMBER_OBJECT_CONVERSION = YES_AGGRESSIVE;
				CLANG_CXX_LANGUAGE_STANDARD = "gnu++20";
				CLANG_ENABLE_MODULES = YES;
				CLANG_ENABLE_OBJC_ARC = YES;
				CLANG_ENABLE_OBJC_WEAK = YES;
				CLANG_WARN_BLOCK_CAPTURE_AUTORELEASING = YES;
				CLANG_WARN_BOOL_CONVERSION = YES;
				CLANG_WARN_COMMA = YES;
				CLANG_WARN_CONSTANT_CONVERSION = YES;
				CLANG_WARN_DEPRECATED_OBJC_IMPLEMENTATIONS = YES;
				CLANG_WARN_DIRECT_OBJC_ISA_USAGE = YES_ERROR;
				CLANG_WARN_DOCUMENTATION_COMMENTS = YES;
				CLANG_WARN_EMPTY_BODY = YES;
				CLANG_WARN_ENUM_CONVERSION = YES;
				CLANG_WARN_INFINITE_RECURSION = YES;
				CLANG_WARN_INT_CONVERSION = YES;
				CLANG_WARN_NON_LITERAL_NULL_CONVERSION = YES;
				CLANG_WARN_OBJC_IMPLICIT_RETAIN_SELF = YES;
				CLANG_WARN_OBJC_LITERAL_CONVERSION = YES;
				CLANG_WARN_OBJC_ROOT_CLASS = YES_ERROR;
				CLANG_WARN_QUOTED_INCLUDE_IN_FRAMEWORK_HEADER = YES;
				CLANG_WARN_RANGE_LOOP_ANALYSIS = YES;
				CLANG_WARN_STRICT_PROTOTYPES = YES;
				CLANG_WARN_SUSPICIOUS_MOVE = YES;
				CLANG_WARN_UNGUARDED_AVAILABILITY = YES_AGGRESSIVE;
				CLANG_WARN_UNREACHABLE_CODE = YES;
				CLANG_WARN__DUPLICATE_METHOD_MATCH = YES;
				COPY_PHASE_STRIP = NO;
				DEBUG_INFORMATION_FORMAT = dwarf;
				ENABLE_STRICT_OBJC_MSGSEND = YES;
				ENABLE_TESTABILITY = YES;
				GCC_C_LANGUAGE_STANDARD = gnu11;
				GCC_DYNAMIC_NO_PIC = NO;
				GCC_NO_COMMON_BLOCKS = YES;
				GCC_OPTIMIZATION_LEVEL = 0;
				GCC_PREPROCESSOR_DEFINITIONS = (
					"DEBUG=1",
					"$(inherited)",
				);
				GCC_WARN_64_TO_32_BIT_CONVERSION = YES;
				GCC_WARN_ABOUT_RETURN_TYPE = YES_ERROR;
				GCC_WARN_UNDECLARED_SELECTOR = YES;
				GCC_WARN_UNINITIALIZED_AUTOS = YES_AGGRESSIVE;
				GCC_WARN_UNUSED_FUNCTION = YES;
				GCC_WARN_UNUSED_VARIABLE = YES;
				IPHONEOS_DEPLOYMENT_TARGET = 16.2;
				MTL_ENABLE_DEBUG_INFO = INCLUDE_SOURCE;
				MTL_FAST_MATH = YES;
				ONLY_ACTIVE_ARCH = YES;
				SDKROOT = iphoneos;
				SWIFT_ACTIVE_COMPILATION_CONDITIONS = DEBUG;
				SWIFT_OPTIMIZATION_LEVEL = "-Onone";
			};
			name = Debug;
		};
		D914A3852A46A138001DD8AF /* Release */ = {
			isa = XCBuildConfiguration;
			buildSettings = {
				ALWAYS_SEARCH_USER_PATHS = NO;
				CLANG_ANALYZER_NONNULL = YES;
				CLANG_ANALYZER_NUMBER_OBJECT_CONVERSION = YES_AGGRESSIVE;
				CLANG_CXX_LANGUAGE_STANDARD = "gnu++20";
				CLANG_ENABLE_MODULES = YES;
				CLANG_ENABLE_OBJC_ARC = YES;
				CLANG_ENABLE_OBJC_WEAK = YES;
				CLANG_WARN_BLOCK_CAPTURE_AUTORELEASING = YES;
				CLANG_WARN_BOOL_CONVERSION = YES;
				CLANG_WARN_COMMA = YES;
				CLANG_WARN_CONSTANT_CONVERSION = YES;
				CLANG_WARN_DEPRECATED_OBJC_IMPLEMENTATIONS = YES;
				CLANG_WARN_DIRECT_OBJC_ISA_USAGE = YES_ERROR;
				CLANG_WARN_DOCUMENTATION_COMMENTS = YES;
				CLANG_WARN_EMPTY_BODY = YES;
				CLANG_WARN_ENUM_CONVERSION = YES;
				CLANG_WARN_INFINITE_RECURSION = YES;
				CLANG_WARN_INT_CONVERSION = YES;
				CLANG_WARN_NON_LITERAL_NULL_CONVERSION = YES;
				CLANG_WARN_OBJC_IMPLICIT_RETAIN_SELF = YES;
				CLANG_WARN_OBJC_LITERAL_CONVERSION = YES;
				CLANG_WARN_OBJC_ROOT_CLASS = YES_ERROR;
				CLANG_WARN_QUOTED_INCLUDE_IN_FRAMEWORK_HEADER = YES;
				CLANG_WARN_RANGE_LOOP_ANALYSIS = YES;
				CLANG_WARN_STRICT_PROTOTYPES = YES;
				CLANG_WARN_SUSPICIOUS_MOVE = YES;
				CLANG_WARN_UNGUARDED_AVAILABILITY = YES_AGGRESSIVE;
				CLANG_WARN_UNREACHABLE_CODE = YES;
				CLANG_WARN__DUPLICATE_METHOD_MATCH = YES;
				COPY_PHASE_STRIP = NO;
				DEBUG_INFORMATION_FORMAT = "dwarf-with-dsym";
				ENABLE_NS_ASSERTIONS = NO;
				ENABLE_STRICT_OBJC_MSGSEND = YES;
				GCC_C_LANGUAGE_STANDARD = gnu11;
				GCC_NO_COMMON_BLOCKS = YES;
				GCC_WARN_64_TO_32_BIT_CONVERSION = YES;
				GCC_WARN_ABOUT_RETURN_TYPE = YES_ERROR;
				GCC_WARN_UNDECLARED_SELECTOR = YES;
				GCC_WARN_UNINITIALIZED_AUTOS = YES_AGGRESSIVE;
				GCC_WARN_UNUSED_FUNCTION = YES;
				GCC_WARN_UNUSED_VARIABLE = YES;
				IPHONEOS_DEPLOYMENT_TARGET = 16.2;
				MTL_ENABLE_DEBUG_INFO = NO;
				MTL_FAST_MATH = YES;
				SDKROOT = iphoneos;
				SWIFT_COMPILATION_MODE = wholemodule;
				SWIFT_OPTIMIZATION_LEVEL = "-O";
				VALIDATE_PRODUCT = YES;
			};
			name = Release;
		};
		D914A3872A46A138001DD8AF /* Debug */ = {
			isa = XCBuildConfiguration;
			buildSettings = {
				ASSETCATALOG_COMPILER_APPICON_NAME = AppIcon;
				ASSETCATALOG_COMPILER_GLOBAL_ACCENT_COLOR_NAME = AccentColor;
				CODE_SIGN_STYLE = Automatic;
				CURRENT_PROJECT_VERSION = 1;
				DEVELOPMENT_ASSET_PATHS = "\"The useless app/Preview Content\"";
				ENABLE_PREVIEWS = YES;
				GENERATE_INFOPLIST_FILE = YES;
				INFOPLIST_KEY_UIApplicationSceneManifest_Generation = YES;
				INFOPLIST_KEY_UIApplicationSupportsIndirectInputEvents = YES;
				INFOPLIST_KEY_UILaunchScreen_Generation = YES;
				INFOPLIST_KEY_UISupportedInterfaceOrientations_iPad = "UIInterfaceOrientationPortrait UIInterfaceOrientationPortraitUpsideDown UIInterfaceOrientationLandscapeLeft UIInterfaceOrientationLandscapeRight";
				INFOPLIST_KEY_UISupportedInterfaceOrientations_iPhone = "UIInterfaceOrientationPortrait UIInterfaceOrientationLandscapeLeft UIInterfaceOrientationLandscapeRight";
				LD_RUNPATH_SEARCH_PATHS = (
					"$(inherited)",
					"@executable_path/Frameworks",
				);
				MARKETING_VERSION = 1.0;
				PRODUCT_BUNDLE_IDENTIFIER = "AAAAAAAAAAAAAAA.The-useless-app";
				PRODUCT_NAME = "$(TARGET_NAME)";
				SWIFT_EMIT_LOC_STRINGS = YES;
				SWIFT_VERSION = 5.0;
				TARGETED_DEVICE_FAMILY = "1,2";
			};
			name = Debug;
		};
		D914A3882A46A138001DD8AF /* Release */ = {
			isa = XCBuildConfiguration;
			buildSettings = {
				ASSETCATALOG_COMPILER_APPICON_NAME = AppIcon;
				ASSETCATALOG_COMPILER_GLOBAL_ACCENT_COLOR_NAME = AccentColor;
				CODE_SIGN_STYLE = Automatic;
				CURRENT_PROJECT_VERSION = 1;
				DEVELOPMENT_ASSET_PATHS = "\"The useless app/Preview Content\"";
				ENABLE_PREVIEWS = YES;
				GENERATE_INFOPLIST_FILE = YES;
				INFOPLIST_KEY_UIApplicationSceneManifest_Generation = YES;
				INFOPLIST_KEY_UIApplicationSupportsIndirectInputEvents = YES;
				INFOPLIST_KEY_UILaunchScreen_Generation = YES;
				INFOPLIST_KEY_UISupportedInterfaceOrientations_iPad = "UIInterfaceOrientationPortrait UIInterfaceOrientationPortraitUpsideDown UIInterfaceOrientationLandscapeLeft UIInterfaceOrientationLandscapeRight";
				INFOPLIST_KEY_UISupportedInterfaceOrientations_iPhone = "UIInterfaceOrientationPortrait UIInterfaceOrientationLandscapeLeft UIInterfaceOrientationLandscapeRight";
				LD_RUNPATH_SEARCH_PATHS = (
					"$(inherited)",
					"@executable_path/Frameworks",
				);
				MARKETING_VERSION = 1.0;
				PRODUCT_BUNDLE_IDENTIFIER = "AAAAAAAAAAAAAAA.The-useless-app";
				PRODUCT_NAME = "$(TARGET_NAME)";
				SWIFT_EMIT_LOC_STRINGS = YES;
				SWIFT_VERSION = 5.0;
				TARGETED_DEVICE_FAMILY = "1,2";
			};
			name = Release;
		};
/* End XCBuildConfiguration section */

/* Begin XCConfigurationList section */
		D914A3732A46A136001DD8AF /* Build configuration list for PBXProject "The useless app" */ = {
			isa = XCConfigurationList;
			buildConfigurations = (
				D914A3842A46A138001DD8AF /* Debug */,
				D914A3852A46A138001DD8AF /* Release */,
			);
			defaultConfigurationIsVisible = 0;
			defaultConfigurationName = Release;
		};
		D914A3862A46A138001DD8AF /* Build configuration list for PBXNativeTarget "The useless app" */ = {
			isa = XCConfigurationList;
			buildConfigurations = (
				D914A3872A46A138001DD8AF /* Debug */,
				D914A3882A46A138001DD8AF /* Release */,
			);
			defaultConfigurationIsVisible = 0;
			defaultConfigurationName = Release;
		};
/* End XCConfigurationList section */
	};
	rootObject = D914A3702A46A136001DD8AF /* Project object */;
}
